
Microsoft Visual Studio Solution File, Format Version 12.00
# Visual Studio 14
VisualStudioVersion = 14.0.25420.1
MinimumVisualStudioVersion = 10.0.40219.1
Project("{FAE04EC0-301F-11D3-BF4B-00C04F79EFBC}") = "myAppTest", "myAppTest.csproj", "{5DBFE7AA-46DD-4A21-8093-8E071AC2FC02}"
EndProject
Project("{2150E333-8FDC-42A3-9474-1A3956D46DE8}") = "Solution Items", "Solution Items", "{976ED68A-A11B-45B8-9245-11FA7C4FE104}"
	ProjectSection(SolutionItems) = preProject
		myAppTest.addin = myAppTest.addin
	EndProjectSection
EndProject
Project("{2150E333-8FDC-42A3-9474-1A3956D46DE8}") = "ima", "ima", "{456C497D-18AB-4984-B291-68E35ABDF685}"
EndProject
Global
	GlobalSection(SolutionConfigurationPlatforms) = preSolution
		Debug|Any CPU = Debug|Any CPU
		Release|Any CPU = Release|Any CPU
	EndGlobalSection
	GlobalSection(ProjectConfigurationPlatforms) = postSolution
		{5DBFE7AA-46DD-4A21-8093-8E071AC2FC02}.Debug|Any CPU.ActiveCfg = Debug|Any CPU
		{5DBFE7AA-46DD-4A21-8093-8E071AC2FC02}.Debug|Any CPU.Build.0 = Debug|Any CPU
		{5DBFE7AA-46DD-4A21-8093-8E071AC2FC02}.Release|Any CPU.ActiveCfg = Release|Any CPU
		{5DBFE7AA-46DD-4A21-8093-8E071AC2FC02}.Release|Any CPU.Build.0 = Release|Any CPU
	EndGlobalSection
	GlobalSection(SolutionProperties) = preSolution
		HideSolutionNode = FALSE
	EndGlobalSection
	GlobalSection(NestedProjects) = preSolution
		{456C497D-18AB-4984-B291-68E35ABDF685} = {976ED68A-A11B-45B8-9245-11FA7C4FE104}
	EndGlobalSection
EndGlobal
